
Microsoft Visual Studio Solution File, Format Version 12.00
# Visual Studio Version 17
VisualStudioVersion = 17.9.34723.18
MinimumVisualStudioVersion = 10.0.40219.1
Project("{FAE04EC0-301F-11D3-BF4B-00C04F79EFBC}") = "BackEnd", "BackEnd\BackEnd.csproj", "{58BA6D74-2E95-42FB-9451-3A3DB23E7E5E}"
EndProject
Global
	GlobalSection(SolutionConfigurationPlatforms) = preSolution
		Debug|Any CPU = Debug|Any CPU
		Release|Any CPU = Release|Any CPU
	EndGlobalSection
	GlobalSection(ProjectConfigurationPlatforms) = postSolution
		{58BA6D74-2E95-42FB-9451-3A3DB23E7E5E}.Debug|Any CPU.ActiveCfg = Debug|Any CPU
		{58BA6D74-2E95-42FB-9451-3A3DB23E7E5E}.Debug|Any CPU.Build.0 = Debug|Any CPU
		{58BA6D74-2E95-42FB-9451-3A3DB23E7E5E}.Release|Any CPU.ActiveCfg = Release|Any CPU
		{58BA6D74-2E95-42FB-9451-3A3DB23E7E5E}.Release|Any CPU.Build.0 = Release|Any CPU
	EndGlobalSection
	GlobalSection(SolutionProperties) = preSolution
		HideSolutionNode = FALSE
	EndGlobalSection
	GlobalSection(ExtensibilityGlobals) = postSolution
		SolutionGuid = {040DCE3B-4338-409B-91F8-EFD461D8DC75}
	EndGlobalSection
EndGlobal
